
Microsoft Visual Studio Solution File, Format Version 12.00
# Visual Studio Version 16
VisualStudioVersion = 16.0.32407.337
MinimumVisualStudioVersion = 10.0.40219.1
Project("{FAE04EC0-301F-11D3-BF4B-00C04F79EFBC}") = "homework12.05", "homework12.05\homework12.05.csproj", "{14004C64-E72B-4A69-82D0-515F6ABC80FD}"
EndProject
Global
	GlobalSection(SolutionConfigurationPlatforms) = preSolution
		Debug|Any CPU = Debug|Any CPU
		Release|Any CPU = Release|Any CPU
	EndGlobalSection
	GlobalSection(ProjectConfigurationPlatforms) = postSolution
		{14004C64-E72B-4A69-82D0-515F6ABC80FD}.Debug|Any CPU.ActiveCfg = Debug|Any CPU
		{14004C64-E72B-4A69-82D0-515F6ABC80FD}.Debug|Any CPU.Build.0 = Debug|Any CPU
		{14004C64-E72B-4A69-82D0-515F6ABC80FD}.Release|Any CPU.ActiveCfg = Release|Any CPU
		{14004C64-E72B-4A69-82D0-515F6ABC80FD}.Release|Any CPU.Build.0 = Release|Any CPU
	EndGlobalSection
	GlobalSection(SolutionProperties) = preSolution
		HideSolutionNode = FALSE
	EndGlobalSection
	GlobalSection(ExtensibilityGlobals) = postSolution
		SolutionGuid = {F25AAAB9-C244-4471-8499-B0DD5FE871A4}
	EndGlobalSection
EndGlobal
